
Microsoft Visual Studio Solution File, Format Version 12.00
# Visual Studio Version 17
VisualStudioVersion = 17.6.33723.286
MinimumVisualStudioVersion = 10.0.40219.1
Project("{FAE04EC0-301F-11D3-BF4B-00C04F79EFBC}") = "ProdutoAPI", "ProdutoAPI\ProdutoAPI.csproj", "{DC713AF6-E16A-49A2-A95A-E370C2A2A07C}"
EndProject
Global
	GlobalSection(SolutionConfigurationPlatforms) = preSolution
		Debug|Any CPU = Debug|Any CPU
		Release|Any CPU = Release|Any CPU
	EndGlobalSection
	GlobalSection(ProjectConfigurationPlatforms) = postSolution
		{DC713AF6-E16A-49A2-A95A-E370C2A2A07C}.Debug|Any CPU.ActiveCfg = Debug|Any CPU
		{DC713AF6-E16A-49A2-A95A-E370C2A2A07C}.Debug|Any CPU.Build.0 = Debug|Any CPU
		{DC713AF6-E16A-49A2-A95A-E370C2A2A07C}.Release|Any CPU.ActiveCfg = Release|Any CPU
		{DC713AF6-E16A-49A2-A95A-E370C2A2A07C}.Release|Any CPU.Build.0 = Release|Any CPU
	EndGlobalSection
	GlobalSection(SolutionProperties) = preSolution
		HideSolutionNode = FALSE
	EndGlobalSection
	GlobalSection(ExtensibilityGlobals) = postSolution
		SolutionGuid = {A3AE056B-FCCE-447E-B264-9AD95C1D5A7F}
	EndGlobalSection
EndGlobal
